{
  "name": "Project-Portfolio",
  "version": "1.0.0",
  "lockfileVersion": 1,
  "requires": true,
  "dependencies": {
    "@fortawesome/fontawesome-free": {
      "version": "5.8.1",
      "resolved": "https://registry.npmjs.org/@fortawesome/fontawesome-free/-/fontawesome-free-5.8.1.tgz",
      "integrity": "sha512-GJtx6e55qLEOy2gPOsok2lohjpdWNGrYGtQx0FFT/++K4SYx+Z8LlPHdQBaFzKEwH5IbBB4fNgb//uyZjgYXoA==",
      "dev": true
    },
    "animate.css": {
      "version": "3.7.0",
      "resolved": "https://registry.npmjs.org/animate.css/-/animate.css-3.7.0.tgz",
      "integrity": "sha512-u3iMXDJr0cxMdQocIciDiou9Au4L5f9uT+/jCtprw3s1j3HcfCuI+khF+90Ps2KdsEhM2soF7SXB4WUvI3HlXg=="
    },
    "bootstrap": {
      "version": "4.3.1",
      "resolved": "https://registry.npmjs.org/bootstrap/-/bootstrap-4.3.1.tgz",
      "integrity": "sha512-rXqOmH1VilAt2DyPzluTi2blhk17bO7ef+zLLPlWvG494pDxcM234pJ8wTc/6R40UWizAIIMgxjvxZg5kmsbag=="
    },
    "jquery": {
      "version": "3.4.1",
      "resolved": "https://registry.npmjs.org/jquery/-/jquery-3.4.1.tgz",
      "integrity": "sha512-36+AdBzCL+y6qjw5Tx7HgzeGCzC81MDDgaUP8ld2zhx58HdqXGoBd+tHdrBMiyjGQs0Hxs/MLZTu/eHNJJuWPw=="
    }
  }
}
